{
  "version": 4,
  "terraform_version": "1.3.7",
  "serial": 19,
  "lineage": "a46b5bcf-e66c-edff-68a3-a858a528c9db",
  "outputs": {
    "external_ip_address_manager": {
      "value": [
        [
          "84.252.128.236"
        ]
      ],
      "type": [
        "tuple",
        [
          [
            "tuple",
            [
              "string"
            ]
          ]
        ]
      ]
    },
    "external_ip_address_worker": {
      "value": [
        [
          "62.84.116.252",
          "62.84.126.97"
        ]
      ],
      "type": [
        "tuple",
        [
          [
            "tuple",
            [
              "string",
              "string"
            ]
          ]
        ]
      ]
    }
  },
  "resources": [
    {
      "mode": "managed",
      "type": "yandex_vpc_network",
      "name": "network",
      "provider": "provider[\"registry.terraform.io/yandex-cloud/yandex\"]",
      "instances": [
        {
          "schema_version": 0,
          "attributes": {
            "created_at": "2023-04-03T06:45:58Z",
            "default_security_group_id": "",
            "description": "",
            "folder_id": "b1gkah722jo1350jlth2",
            "id": "enpcordessnbbkgatna4",
            "labels": {},
            "name": "swarm-network",
            "subnet_ids": [],
            "timeouts": null
          },
          "sensitive_attributes": [],
          "private": "eyJlMmJmYjczMC1lY2FhLTExZTYtOGY4OC0zNDM2M2JjN2M0YzAiOnsiY3JlYXRlIjo2MDAwMDAwMDAwMCwiZGVsZXRlIjo2MDAwMDAwMDAwMCwidXBkYXRlIjo2MDAwMDAwMDAwMH19"
        }
      ]
    },
    {
      "mode": "managed",
      "type": "yandex_vpc_subnet",
      "name": "subnet",
      "provider": "provider[\"registry.terraform.io/yandex-cloud/yandex\"]",
      "instances": [
        {
          "schema_version": 0,
          "attributes": {
            "created_at": "2023-04-03T06:46:00Z",
            "description": "",
            "dhcp_options": [],
            "folder_id": "b1gkah722jo1350jlth2",
            "id": "e9bu2n32en8jkbecrr8l",
            "labels": {},
            "name": "subnet_swarm1",
            "network_id": "enpcordessnbbkgatna4",
            "route_table_id": "",
            "timeouts": null,
            "v4_cidr_blocks": [
              "192.168.10.0/24"
            ],
            "v6_cidr_blocks": [],
            "zone": "ru-central1-a"
          },
          "sensitive_attributes": [],
          "private": "eyJlMmJmYjczMC1lY2FhLTExZTYtOGY4OC0zNDM2M2JjN2M0YzAiOnsiY3JlYXRlIjoxODAwMDAwMDAwMDAsImRlbGV0ZSI6MTgwMDAwMDAwMDAwLCJ1cGRhdGUiOjE4MDAwMDAwMDAwMH19",
          "dependencies": [
            "yandex_vpc_network.network"
          ]
        }
      ]
    },
    {
      "module": "module.swarm_cluster",
      "mode": "data",
      "type": "yandex_compute_image",
      "name": "my_image",
      "provider": "provider[\"registry.terraform.io/yandex-cloud/yandex\"]",
      "instances": [
        {
          "schema_version": 0,
          "attributes": {
            "created_at": "2023-01-30T10:49:58Z",
            "description": "ubuntu 20.04 lts",
            "family": "ubuntu-2004-lts",
            "folder_id": "standard-images",
            "id": "fd8snjpoq85qqv0mk9gi",
            "image_id": "fd8snjpoq85qqv0mk9gi",
            "labels": {},
            "min_disk_size": 5,
            "name": "ubuntu-20-04-lts-v20230130",
            "os_type": "linux",
            "product_ids": [
              "f2eb05obffng2supgqli"
            ],
            "size": 3,
            "status": "ready"
          },
          "sensitive_attributes": []
        }
      ]
    },
    {
      "module": "module.swarm_cluster",
      "mode": "managed",
      "type": "yandex_compute_instance",
      "name": "vm-manager",
      "provider": "provider[\"registry.terraform.io/yandex-cloud/yandex\"]",
      "instances": [
        {
          "index_key": 0,
          "schema_version": 1,
          "attributes": {
            "allow_stopping_for_update": null,
            "boot_disk": [
              {
                "auto_delete": true,
                "device_name": "fhmud059mqo427akc2gj",
                "disk_id": "fhmud059mqo427akc2gj",
                "initialize_params": [
                  {
                    "description": "",
                    "image_id": "fd8snjpoq85qqv0mk9gi",
                    "name": "",
                    "size": 15,
                    "snapshot_id": "",
                    "type": "network-hdd"
                  }
                ],
                "mode": "READ_WRITE"
              }
            ],
            "created_at": "2023-04-03T06:46:04Z",
            "description": "",
            "folder_id": "b1gkah722jo1350jlth2",
            "fqdn": "manager-0.ru-central1.internal",
            "hostname": "manager-0",
            "id": "fhm4r36p2h6mr744rl61",
            "labels": null,
            "metadata": {
              "ssh-keys": "ubuntu:ssh-rsa AAAAB3NzaC1yc2EAAAADAQABAAABgQDJZyLcl2g5Q5lUTUABoDRW5StUvmj3Mf96iqoNexCVRIhlwO2grZkO98Xczybm5HxsTwLJSrlYgq6UkUXStXAPRxdUQezlZVFC5uga21XY8p4FcNK30kRy70geL1SeVH0k9zwk+B+lXGI7lX2yaNXOs8R1Oo4BPZf5ExPWrvxTBqTAgtAiO15/IG07DV3cTC+TF83kFBgEdz1KhIGZXuao1UV+oF38lzs8G3PTVvVMFyVH8P6kVrJ2G5Gs4nk+kLwDXm3qjODkq+WDVSPih71T5lYJVlk6oXytgOlaM3OKR0alK2LuP3O7jC4c9dNSdMXKC+zOIaG8VDP4G5vrTGHLabBboFtIJZVXYF79bE3lDJv76IYeJVmlHMh1xvomuStRFiRaVdVcJrz/bc9W97ABvh5HWBQDvYcEaw0wj3LX4sHaVss61ArfpfEvDcjO9EIgOPzKqAVxcGI34pvgqsBpbrEZo/pzcqXTmEW7fMyBYH2KXa49OoowBT3z5Id5yBE= f1restarter@F1restarter.local\n"
            },
            "name": "ci-sockshop-docker-swarm-manager-0",
            "network_acceleration_type": "standard",
            "network_interface": [
              {
                "dns_record": [],
                "index": 0,
                "ip_address": "192.168.10.10",
                "ipv4": true,
                "ipv6": false,
                "ipv6_address": "",
                "ipv6_dns_record": [],
                "mac_address": "d0:0d:4d:8c:d9:14",
                "nat": true,
                "nat_dns_record": [],
                "nat_ip_address": "84.252.128.236",
                "nat_ip_version": "IPV4",
                "security_group_ids": [],
                "subnet_id": "e9bu2n32en8jkbecrr8l"
              }
            ],
            "placement_policy": [
              {
                "placement_group_id": ""
              }
            ],
            "platform_id": "standard-v1",
            "resources": [
              {
                "core_fraction": 100,
                "cores": 2,
                "gpus": 0,
                "memory": 2
              }
            ],
            "scheduling_policy": [
              {
                "preemptible": false
              }
            ],
            "secondary_disk": [],
            "service_account_id": "",
            "status": "running",
            "timeouts": null,
            "zone": "ru-central1-a"
          },
          "sensitive_attributes": [],
          "private": "eyJlMmJmYjczMC1lY2FhLTExZTYtOGY4OC0zNDM2M2JjN2M0YzAiOnsiY3JlYXRlIjozMDAwMDAwMDAwMDAsImRlbGV0ZSI6MzAwMDAwMDAwMDAwLCJ1cGRhdGUiOjMwMDAwMDAwMDAwMH0sInNjaGVtYV92ZXJzaW9uIjoiMSJ9",
          "dependencies": [
            "module.swarm_cluster.data.yandex_compute_image.my_image",
            "yandex_vpc_network.network",
            "yandex_vpc_subnet.subnet"
          ]
        }
      ]
    },
    {
      "module": "module.swarm_cluster",
      "mode": "managed",
      "type": "yandex_compute_instance",
      "name": "vm-worker",
      "provider": "provider[\"registry.terraform.io/yandex-cloud/yandex\"]",
      "instances": [
        {
          "index_key": 0,
          "schema_version": 1,
          "attributes": {
            "allow_stopping_for_update": null,
            "boot_disk": [
              {
                "auto_delete": true,
                "device_name": "fhmntvh61i9ogeo0il08",
                "disk_id": "fhmntvh61i9ogeo0il08",
                "initialize_params": [
                  {
                    "description": "",
                    "image_id": "fd8snjpoq85qqv0mk9gi",
                    "name": "",
                    "size": 15,
                    "snapshot_id": "",
                    "type": "network-hdd"
                  }
                ],
                "mode": "READ_WRITE"
              }
            ],
            "created_at": "2023-04-03T06:46:03Z",
            "description": "",
            "folder_id": "b1gkah722jo1350jlth2",
            "fqdn": "worker-0.ru-central1.internal",
            "hostname": "worker-0",
            "id": "fhmf7j5mb5i41kq3a5hf",
            "labels": null,
            "metadata": {
              "ssh-keys": "ubuntu:ssh-rsa AAAAB3NzaC1yc2EAAAADAQABAAABgQDJZyLcl2g5Q5lUTUABoDRW5StUvmj3Mf96iqoNexCVRIhlwO2grZkO98Xczybm5HxsTwLJSrlYgq6UkUXStXAPRxdUQezlZVFC5uga21XY8p4FcNK30kRy70geL1SeVH0k9zwk+B+lXGI7lX2yaNXOs8R1Oo4BPZf5ExPWrvxTBqTAgtAiO15/IG07DV3cTC+TF83kFBgEdz1KhIGZXuao1UV+oF38lzs8G3PTVvVMFyVH8P6kVrJ2G5Gs4nk+kLwDXm3qjODkq+WDVSPih71T5lYJVlk6oXytgOlaM3OKR0alK2LuP3O7jC4c9dNSdMXKC+zOIaG8VDP4G5vrTGHLabBboFtIJZVXYF79bE3lDJv76IYeJVmlHMh1xvomuStRFiRaVdVcJrz/bc9W97ABvh5HWBQDvYcEaw0wj3LX4sHaVss61ArfpfEvDcjO9EIgOPzKqAVxcGI34pvgqsBpbrEZo/pzcqXTmEW7fMyBYH2KXa49OoowBT3z5Id5yBE= f1restarter@F1restarter.local\n"
            },
            "name": "ci-sockshop-docker-swarm-worker-0",
            "network_acceleration_type": "standard",
            "network_interface": [
              {
                "dns_record": [],
                "index": 0,
                "ip_address": "192.168.10.33",
                "ipv4": true,
                "ipv6": false,
                "ipv6_address": "",
                "ipv6_dns_record": [],
                "mac_address": "d0:0d:f3:cc:b6:59",
                "nat": true,
                "nat_dns_record": [],
                "nat_ip_address": "62.84.116.252",
                "nat_ip_version": "IPV4",
                "security_group_ids": [],
                "subnet_id": "e9bu2n32en8jkbecrr8l"
              }
            ],
            "placement_policy": [
              {
                "placement_group_id": ""
              }
            ],
            "platform_id": "standard-v1",
            "resources": [
              {
                "core_fraction": 100,
                "cores": 2,
                "gpus": 0,
                "memory": 2
              }
            ],
            "scheduling_policy": [
              {
                "preemptible": false
              }
            ],
            "secondary_disk": [],
            "service_account_id": "",
            "status": "running",
            "timeouts": null,
            "zone": "ru-central1-a"
          },
          "sensitive_attributes": [],
          "private": "eyJlMmJmYjczMC1lY2FhLTExZTYtOGY4OC0zNDM2M2JjN2M0YzAiOnsiY3JlYXRlIjozMDAwMDAwMDAwMDAsImRlbGV0ZSI6MzAwMDAwMDAwMDAwLCJ1cGRhdGUiOjMwMDAwMDAwMDAwMH0sInNjaGVtYV92ZXJzaW9uIjoiMSJ9",
          "dependencies": [
            "module.swarm_cluster.data.yandex_compute_image.my_image",
            "yandex_vpc_network.network",
            "yandex_vpc_subnet.subnet"
          ]
        },
        {
          "index_key": 1,
          "schema_version": 1,
          "attributes": {
            "allow_stopping_for_update": null,
            "boot_disk": [
              {
                "auto_delete": true,
                "device_name": "fhm49lj5tmpjbujivopt",
                "disk_id": "fhm49lj5tmpjbujivopt",
                "initialize_params": [
                  {
                    "description": "",
                    "image_id": "fd8snjpoq85qqv0mk9gi",
                    "name": "",
                    "size": 15,
                    "snapshot_id": "",
                    "type": "network-hdd"
                  }
                ],
                "mode": "READ_WRITE"
              }
            ],
            "created_at": "2023-04-03T06:46:03Z",
            "description": "",
            "folder_id": "b1gkah722jo1350jlth2",
            "fqdn": "worker-1.ru-central1.internal",
            "hostname": "worker-1",
            "id": "fhmfj7kh3u14am08hhfh",
            "labels": null,
            "metadata": {
              "ssh-keys": "ubuntu:ssh-rsa AAAAB3NzaC1yc2EAAAADAQABAAABgQDJZyLcl2g5Q5lUTUABoDRW5StUvmj3Mf96iqoNexCVRIhlwO2grZkO98Xczybm5HxsTwLJSrlYgq6UkUXStXAPRxdUQezlZVFC5uga21XY8p4FcNK30kRy70geL1SeVH0k9zwk+B+lXGI7lX2yaNXOs8R1Oo4BPZf5ExPWrvxTBqTAgtAiO15/IG07DV3cTC+TF83kFBgEdz1KhIGZXuao1UV+oF38lzs8G3PTVvVMFyVH8P6kVrJ2G5Gs4nk+kLwDXm3qjODkq+WDVSPih71T5lYJVlk6oXytgOlaM3OKR0alK2LuP3O7jC4c9dNSdMXKC+zOIaG8VDP4G5vrTGHLabBboFtIJZVXYF79bE3lDJv76IYeJVmlHMh1xvomuStRFiRaVdVcJrz/bc9W97ABvh5HWBQDvYcEaw0wj3LX4sHaVss61ArfpfEvDcjO9EIgOPzKqAVxcGI34pvgqsBpbrEZo/pzcqXTmEW7fMyBYH2KXa49OoowBT3z5Id5yBE= f1restarter@F1restarter.local\n"
            },
            "name": "ci-sockshop-docker-swarm-worker-1",
            "network_acceleration_type": "standard",
            "network_interface": [
              {
                "dns_record": [],
                "index": 0,
                "ip_address": "192.168.10.4",
                "ipv4": true,
                "ipv6": false,
                "ipv6_address": "",
                "ipv6_dns_record": [],
                "mac_address": "d0:0d:f9:9e:91:1f",
                "nat": true,
                "nat_dns_record": [],
                "nat_ip_address": "62.84.126.97",
                "nat_ip_version": "IPV4",
                "security_group_ids": [],
                "subnet_id": "e9bu2n32en8jkbecrr8l"
              }
            ],
            "placement_policy": [
              {
                "placement_group_id": ""
              }
            ],
            "platform_id": "standard-v1",
            "resources": [
              {
                "core_fraction": 100,
                "cores": 2,
                "gpus": 0,
                "memory": 2
              }
            ],
            "scheduling_policy": [
              {
                "preemptible": false
              }
            ],
            "secondary_disk": [],
            "service_account_id": "",
            "status": "running",
            "timeouts": null,
            "zone": "ru-central1-a"
          },
          "sensitive_attributes": [],
          "private": "eyJlMmJmYjczMC1lY2FhLTExZTYtOGY4OC0zNDM2M2JjN2M0YzAiOnsiY3JlYXRlIjozMDAwMDAwMDAwMDAsImRlbGV0ZSI6MzAwMDAwMDAwMDAwLCJ1cGRhdGUiOjMwMDAwMDAwMDAwMH0sInNjaGVtYV92ZXJzaW9uIjoiMSJ9",
          "dependencies": [
            "module.swarm_cluster.data.yandex_compute_image.my_image",
            "yandex_vpc_network.network",
            "yandex_vpc_subnet.subnet"
          ]
        }
      ]
    }
  ],
  "check_results": null
}
